// !$*UTF8*$!
{
	archiveVersion = 1;
	classes = {
	};
	objectVersion = 56;
	objects = {

/* Begin PBXBuildFile section */
		DA37FA6B2B5C139500AB6541 /* TabBarView.swift in Sources */ = {isa = PBXBuildFile; fileRef = DA37FA6A2B5C139500AB6541 /* TabBarView.swift */; };
		DA37FA702B5C141100AB6541 /* HomeView.swift in Sources */ = {isa = PBXBuildFile; fileRef = DA37FA6F2B5C141100AB6541 /* HomeView.swift */; };
		DA37FA722B5C141900AB6541 /* ProfileView.swift in Sources */ = {isa = PBXBuildFile; fileRef = DA37FA712B5C141900AB6541 /* ProfileView.swift */; };
		DA37FA742B5C142100AB6541 /* ActivityView.swift in Sources */ = {isa = PBXBuildFile; fileRef = DA37FA732B5C142100AB6541 /* ActivityView.swift */; };
		DA37FA762B5C1A3600AB6541 /* Group.swift in Sources */ = {isa = PBXBuildFile; fileRef = DA37FA752B5C1A3600AB6541 /* Group.swift */; };
		DAC103B52B5AC6FC00CE4674 /* LFGHOApp.swift in Sources */ = {isa = PBXBuildFile; fileRef = DAC103B42B5AC6FC00CE4674 /* LFGHOApp.swift */; };
		DAC103B72B5AC6FC00CE4674 /* ContentView.swift in Sources */ = {isa = PBXBuildFile; fileRef = DAC103B62B5AC6FC00CE4674 /* ContentView.swift */; };
		DAC103B92B5AC6FD00CE4674 /* Assets.xcassets in Resources */ = {isa = PBXBuildFile; fileRef = DAC103B82B5AC6FD00CE4674 /* Assets.xcassets */; };
		DAC103BC2B5AC6FD00CE4674 /* Preview Assets.xcassets in Resources */ = {isa = PBXBuildFile; fileRef = DAC103BB2B5AC6FD00CE4674 /* Preview Assets.xcassets */; };
/* End PBXBuildFile section */

/* Begin PBXFileReference section */
		DA37FA6A2B5C139500AB6541 /* TabBarView.swift */ = {isa = PBXFileReference; lastKnownFileType = sourcecode.swift; path = TabBarView.swift; sourceTree = "<group>"; };
		DA37FA6F2B5C141100AB6541 /* HomeView.swift */ = {isa = PBXFileReference; lastKnownFileType = sourcecode.swift; path = HomeView.swift; sourceTree = "<group>"; };
		DA37FA712B5C141900AB6541 /* ProfileView.swift */ = {isa = PBXFileReference; lastKnownFileType = sourcecode.swift; path = ProfileView.swift; sourceTree = "<group>"; };
		DA37FA732B5C142100AB6541 /* ActivityView.swift */ = {isa = PBXFileReference; lastKnownFileType = sourcecode.swift; path = ActivityView.swift; sourceTree = "<group>"; };
		DA37FA752B5C1A3600AB6541 /* Group.swift */ = {isa = PBXFileReference; lastKnownFileType = sourcecode.swift; path = Group.swift; sourceTree = "<group>"; };
		DAC103B12B5AC6FC00CE4674 /* LFGHO.app */ = {isa = PBXFileReference; explicitFileType = wrapper.application; includeInIndex = 0; path = LFGHO.app; sourceTree = BUILT_PRODUCTS_DIR; };
		DAC103B42B5AC6FC00CE4674 /* LFGHOApp.swift */ = {isa = PBXFileReference; lastKnownFileType = sourcecode.swift; path = LFGHOApp.swift; sourceTree = "<group>"; };
		DAC103B62B5AC6FC00CE4674 /* ContentView.swift */ = {isa = PBXFileReference; lastKnownFileType = sourcecode.swift; path = ContentView.swift; sourceTree = "<group>"; };
		DAC103B82B5AC6FD00CE4674 /* Assets.xcassets */ = {isa = PBXFileReference; lastKnownFileType = folder.assetcatalog; path = Assets.xcassets; sourceTree = "<group>"; };
		DAC103BB2B5AC6FD00CE4674 /* Preview Assets.xcassets */ = {isa = PBXFileReference; lastKnownFileType = folder.assetcatalog; path = "Preview Assets.xcassets"; sourceTree = "<group>"; };
/* End PBXFileReference section */

/* Begin PBXFrameworksBuildPhase section */
		DAC103AE2B5AC6FC00CE4674 /* Frameworks */ = {
			isa = PBXFrameworksBuildPhase;
			buildActionMask = 2147483647;
			files = (
			);
			runOnlyForDeploymentPostprocessing = 0;
		};
/* End PBXFrameworksBuildPhase section */

/* Begin PBXGroup section */
		DA37FA6C2B5C13BE00AB6541 /* Home */ = {
			isa = PBXGroup;
			children = (
				DA37FA6F2B5C141100AB6541 /* HomeView.swift */,
				DA37FA752B5C1A3600AB6541 /* Group.swift */,
			);
			path = Home;
			sourceTree = "<group>";
		};
		DA37FA6D2B5C13C300AB6541 /* Profile */ = {
			isa = PBXGroup;
			children = (
				DA37FA712B5C141900AB6541 /* ProfileView.swift */,
			);
			path = Profile;
			sourceTree = "<group>";
		};
		DA37FA6E2B5C13CC00AB6541 /* Activity */ = {
			isa = PBXGroup;
			children = (
				DA37FA732B5C142100AB6541 /* ActivityView.swift */,
			);
			path = Activity;
			sourceTree = "<group>";
		};
		DAC103A82B5AC6FC00CE4674 = {
			isa = PBXGroup;
			children = (
				DAC103B32B5AC6FC00CE4674 /* LFGHO */,
				DAC103B22B5AC6FC00CE4674 /* Products */,
			);
			sourceTree = "<group>";
		};
		DAC103B22B5AC6FC00CE4674 /* Products */ = {
			isa = PBXGroup;
			children = (
				DAC103B12B5AC6FC00CE4674 /* LFGHO.app */,
			);
			name = Products;
			sourceTree = "<group>";
		};
		DAC103B32B5AC6FC00CE4674 /* LFGHO */ = {
			isa = PBXGroup;
			children = (
				DA37FA6E2B5C13CC00AB6541 /* Activity */,
				DA37FA6D2B5C13C300AB6541 /* Profile */,
				DA37FA6C2B5C13BE00AB6541 /* Home */,
				DAC103B42B5AC6FC00CE4674 /* LFGHOApp.swift */,
				DAC103B62B5AC6FC00CE4674 /* ContentView.swift */,
				DA37FA6A2B5C139500AB6541 /* TabBarView.swift */,
				DAC103B82B5AC6FD00CE4674 /* Assets.xcassets */,
				DAC103BA2B5AC6FD00CE4674 /* Preview Content */,
			);
			path = LFGHO;
			sourceTree = "<group>";
		};
		DAC103BA2B5AC6FD00CE4674 /* Preview Content */ = {
			isa = PBXGroup;
			children = (
				DAC103BB2B5AC6FD00CE4674 /* Preview Assets.xcassets */,
			);
			path = "Preview Content";
			sourceTree = "<group>";
		};
/* End PBXGroup section */

/* Begin PBXNativeTarget section */
		DAC103B02B5AC6FC00CE4674 /* LFGHO */ = {
			isa = PBXNativeTarget;
			buildConfigurationList = DAC103BF2B5AC6FD00CE4674 /* Build configuration list for PBXNativeTarget "LFGHO" */;
			buildPhases = (
				DAC103AD2B5AC6FC00CE4674 /* Sources */,
				DAC103AE2B5AC6FC00CE4674 /* Frameworks */,
				DAC103AF2B5AC6FC00CE4674 /* Resources */,
			);
			buildRules = (
			);
			dependencies = (
			);
			name = LFGHO;
			packageProductDependencies = (
			);
			productName = LFGHO;
			productReference = DAC103B12B5AC6FC00CE4674 /* LFGHO.app */;
			productType = "com.apple.product-type.application";
		};
/* End PBXNativeTarget section */

/* Begin PBXProject section */
		DAC103A92B5AC6FC00CE4674 /* Project object */ = {
			isa = PBXProject;
			attributes = {
				BuildIndependentTargetsInParallel = 1;
				LastSwiftUpdateCheck = 1520;
				LastUpgradeCheck = 1520;
				TargetAttributes = {
					DAC103B02B5AC6FC00CE4674 = {
						CreatedOnToolsVersion = 15.2;
					};
				};
			};
			buildConfigurationList = DAC103AC2B5AC6FC00CE4674 /* Build configuration list for PBXProject "LFGHO" */;
			compatibilityVersion = "Xcode 14.0";
			developmentRegion = en;
			hasScannedForEncodings = 0;
			knownRegions = (
				en,
				Base,
			);
			mainGroup = DAC103A82B5AC6FC00CE4674;
			packageReferences = (
				DA37FA652B5AD57A00AB6541 /* XCRemoteSwiftPackageReference "metamask-ios-sdk" */,
			);
			productRefGroup = DAC103B22B5AC6FC00CE4674 /* Products */;
			projectDirPath = "";
			projectRoot = "";
			targets = (
				DAC103B02B5AC6FC00CE4674 /* LFGHO */,
			);
		};
/* End PBXProject section */

/* Begin PBXResourcesBuildPhase section */
		DAC103AF2B5AC6FC00CE4674 /* Resources */ = {
			isa = PBXResourcesBuildPhase;
			buildActionMask = 2147483647;
			files = (
				DAC103BC2B5AC6FD00CE4674 /* Preview Assets.xcassets in Resources */,
				DAC103B92B5AC6FD00CE4674 /* Assets.xcassets in Resources */,
			);
			runOnlyForDeploymentPostprocessing = 0;
		};
/* End PBXResourcesBuildPhase section */

/* Begin PBXSourcesBuildPhase section */
		DAC103AD2B5AC6FC00CE4674 /* Sources */ = {
			isa = PBXSourcesBuildPhase;
			buildActionMask = 2147483647;
			files = (
				DA37FA762B5C1A3600AB6541 /* Group.swift in Sources */,
				DAC103B72B5AC6FC00CE4674 /* ContentView.swift in Sources */,
				DA37FA702B5C141100AB6541 /* HomeView.swift in Sources */,
				DA37FA722B5C141900AB6541 /* ProfileView.swift in Sources */,
				DA37FA6B2B5C139500AB6541 /* TabBarView.swift in Sources */,
				DAC103B52B5AC6FC00CE4674 /* LFGHOApp.swift in Sources */,
				DA37FA742B5C142100AB6541 /* ActivityView.swift in Sources */,
			);
			runOnlyForDeploymentPostprocessing = 0;
		};
/* End PBXSourcesBuildPhase section */

/* Begin XCBuildConfiguration section */
		DAC103BD2B5AC6FD00CE4674 /* Debug */ = {
			isa = XCBuildConfiguration;
			buildSettings = {
				ALWAYS_SEARCH_USER_PATHS = NO;
				ASSETCATALOG_COMPILER_GENERATE_SWIFT_ASSET_SYMBOL_EXTENSIONS = YES;
				CLANG_ANALYZER_NONNULL = YES;
				CLANG_ANALYZER_NUMBER_OBJECT_CONVERSION = YES_AGGRESSIVE;
				CLANG_CXX_LANGUAGE_STANDARD = "gnu++20";
				CLANG_ENABLE_MODULES = YES;
				CLANG_ENABLE_OBJC_ARC = YES;
				CLANG_ENABLE_OBJC_WEAK = YES;
				CLANG_WARN_BLOCK_CAPTURE_AUTORELEASING = YES;
				CLANG_WARN_BOOL_CONVERSION = YES;
				CLANG_WARN_COMMA = YES;
				CLANG_WARN_CONSTANT_CONVERSION = YES;
				CLANG_WARN_DEPRECATED_OBJC_IMPLEMENTATIONS = YES;
				CLANG_WARN_DIRECT_OBJC_ISA_USAGE = YES_ERROR;
				CLANG_WARN_DOCUMENTATION_COMMENTS = YES;
				CLANG_WARN_EMPTY_BODY = YES;
				CLANG_WARN_ENUM_CONVERSION = YES;
				CLANG_WARN_INFINITE_RECURSION = YES;
				CLANG_WARN_INT_CONVERSION = YES;
				CLANG_WARN_NON_LITERAL_NULL_CONVERSION = YES;
				CLANG_WARN_OBJC_IMPLICIT_RETAIN_SELF = YES;
				CLANG_WARN_OBJC_LITERAL_CONVERSION = YES;
				CLANG_WARN_OBJC_ROOT_CLASS = YES_ERROR;
				CLANG_WARN_QUOTED_INCLUDE_IN_FRAMEWORK_HEADER = YES;
				CLANG_WARN_RANGE_LOOP_ANALYSIS = YES;
				CLANG_WARN_STRICT_PROTOTYPES = YES;
				CLANG_WARN_SUSPICIOUS_MOVE = YES;
				CLANG_WARN_UNGUARDED_AVAILABILITY = YES_AGGRESSIVE;
				CLANG_WARN_UNREACHABLE_CODE = YES;
				CLANG_WARN__DUPLICATE_METHOD_MATCH = YES;
				COPY_PHASE_STRIP = NO;
				DEBUG_INFORMATION_FORMAT = dwarf;
				ENABLE_STRICT_OBJC_MSGSEND = YES;
				ENABLE_TESTABILITY = YES;
				ENABLE_USER_SCRIPT_SANDBOXING = YES;
				GCC_C_LANGUAGE_STANDARD = gnu17;
				GCC_DYNAMIC_NO_PIC = NO;
				GCC_NO_COMMON_BLOCKS = YES;
				GCC_OPTIMIZATION_LEVEL = 0;
				GCC_PREPROCESSOR_DEFINITIONS = (
					"DEBUG=1",
					"$(inherited)",
				);
				GCC_WARN_64_TO_32_BIT_CONVERSION = YES;
				GCC_WARN_ABOUT_RETURN_TYPE = YES_ERROR;
				GCC_WARN_UNDECLARED_SELECTOR = YES;
				GCC_WARN_UNINITIALIZED_AUTOS = YES_AGGRESSIVE;
				GCC_WARN_UNUSED_FUNCTION = YES;
				GCC_WARN_UNUSED_VARIABLE = YES;
				IPHONEOS_DEPLOYMENT_TARGET = 17.2;
				LOCALIZATION_PREFERS_STRING_CATALOGS = YES;
				MTL_ENABLE_DEBUG_INFO = INCLUDE_SOURCE;
				MTL_FAST_MATH = YES;
				ONLY_ACTIVE_ARCH = YES;
				SDKROOT = iphoneos;
				SWIFT_ACTIVE_COMPILATION_CONDITIONS = "DEBUG $(inherited)";
				SWIFT_OPTIMIZATION_LEVEL = "-Onone";
			};
			name = Debug;
		};
		DAC103BE2B5AC6FD00CE4674 /* Release */ = {
			isa = XCBuildConfiguration;
			buildSettings = {
				ALWAYS_SEARCH_USER_PATHS = NO;
				ASSETCATALOG_COMPILER_GENERATE_SWIFT_ASSET_SYMBOL_EXTENSIONS = YES;
				CLANG_ANALYZER_NONNULL = YES;
				CLANG_ANALYZER_NUMBER_OBJECT_CONVERSION = YES_AGGRESSIVE;
				CLANG_CXX_LANGUAGE_STANDARD = "gnu++20";
				CLANG_ENABLE_MODULES = YES;
				CLANG_ENABLE_OBJC_ARC = YES;
				CLANG_ENABLE_OBJC_WEAK = YES;
				CLANG_WARN_BLOCK_CAPTURE_AUTORELEASING = YES;
				CLANG_WARN_BOOL_CONVERSION = YES;
				CLANG_WARN_COMMA = YES;
				CLANG_WARN_CONSTANT_CONVERSION = YES;
				CLANG_WARN_DEPRECATED_OBJC_IMPLEMENTATIONS = YES;
				CLANG_WARN_DIRECT_OBJC_ISA_USAGE = YES_ERROR;
				CLANG_WARN_DOCUMENTATION_COMMENTS = YES;
				CLANG_WARN_EMPTY_BODY = YES;
				CLANG_WARN_ENUM_CONVERSION = YES;
				CLANG_WARN_INFINITE_RECURSION = YES;
				CLANG_WARN_INT_CONVERSION = YES;
				CLANG_WARN_NON_LITERAL_NULL_CONVERSION = YES;
				CLANG_WARN_OBJC_IMPLICIT_RETAIN_SELF = YES;
				CLANG_WARN_OBJC_LITERAL_CONVERSION = YES;
				CLANG_WARN_OBJC_ROOT_CLASS = YES_ERROR;
				CLANG_WARN_QUOTED_INCLUDE_IN_FRAMEWORK_HEADER = YES;
				CLANG_WARN_RANGE_LOOP_ANALYSIS = YES;
				CLANG_WARN_STRICT_PROTOTYPES = YES;
				CLANG_WARN_SUSPICIOUS_MOVE = YES;
				CLANG_WARN_UNGUARDED_AVAILABILITY = YES_AGGRESSIVE;
				CLANG_WARN_UNREACHABLE_CODE = YES;
				CLANG_WARN__DUPLICATE_METHOD_MATCH = YES;
				COPY_PHASE_STRIP = NO;
				DEBUG_INFORMATION_FORMAT = "dwarf-with-dsym";
				ENABLE_NS_ASSERTIONS = NO;
				ENABLE_STRICT_OBJC_MSGSEND = YES;
				ENABLE_USER_SCRIPT_SANDBOXING = YES;
				GCC_C_LANGUAGE_STANDARD = gnu17;
				GCC_NO_COMMON_BLOCKS = YES;
				GCC_WARN_64_TO_32_BIT_CONVERSION = YES;
				GCC_WARN_ABOUT_RETURN_TYPE = YES_ERROR;
				GCC_WARN_UNDECLARED_SELECTOR = YES;
				GCC_WARN_UNINITIALIZED_AUTOS = YES_AGGRESSIVE;
				GCC_WARN_UNUSED_FUNCTION = YES;
				GCC_WARN_UNUSED_VARIABLE = YES;
				IPHONEOS_DEPLOYMENT_TARGET = 17.2;
				LOCALIZATION_PREFERS_STRING_CATALOGS = YES;
				MTL_ENABLE_DEBUG_INFO = NO;
				MTL_FAST_MATH = YES;
				SDKROOT = iphoneos;
				SWIFT_COMPILATION_MODE = wholemodule;
				VALIDATE_PRODUCT = YES;
			};
			name = Release;
		};
		DAC103C02B5AC6FD00CE4674 /* Debug */ = {
			isa = XCBuildConfiguration;
			buildSettings = {
				ASSETCATALOG_COMPILER_APPICON_NAME = AppIcon;
				ASSETCATALOG_COMPILER_GLOBAL_ACCENT_COLOR_NAME = AccentColor;
				CODE_SIGN_STYLE = Automatic;
				CURRENT_PROJECT_VERSION = 1;
				DEVELOPMENT_ASSET_PATHS = "\"LFGHO/Preview Content\"";
				DEVELOPMENT_TEAM = 288ZUH88HD;
				ENABLE_PREVIEWS = YES;
				GENERATE_INFOPLIST_FILE = YES;
				INFOPLIST_KEY_UIApplicationSceneManifest_Generation = YES;
				INFOPLIST_KEY_UIApplicationSupportsIndirectInputEvents = YES;
				INFOPLIST_KEY_UILaunchScreen_Generation = YES;
				INFOPLIST_KEY_UISupportedInterfaceOrientations_iPad = "UIInterfaceOrientationPortrait UIInterfaceOrientationPortraitUpsideDown UIInterfaceOrientationLandscapeLeft UIInterfaceOrientationLandscapeRight";
				INFOPLIST_KEY_UISupportedInterfaceOrientations_iPhone = "UIInterfaceOrientationPortrait UIInterfaceOrientationLandscapeLeft UIInterfaceOrientationLandscapeRight";
				LD_RUNPATH_SEARCH_PATHS = (
					"$(inherited)",
					"@executable_path/Frameworks",
				);
				MARKETING_VERSION = 1.0;
				PRODUCT_BUNDLE_IDENTIFIER = artemiymalyshau.LFGHO;
				PRODUCT_NAME = "$(TARGET_NAME)";
				SWIFT_EMIT_LOC_STRINGS = YES;
				SWIFT_VERSION = 5.0;
				TARGETED_DEVICE_FAMILY = "1,2";
			};
			name = Debug;
		};
		DAC103C12B5AC6FD00CE4674 /* Release */ = {
			isa = XCBuildConfiguration;
			buildSettings = {
				ASSETCATALOG_COMPILER_APPICON_NAME = AppIcon;
				ASSETCATALOG_COMPILER_GLOBAL_ACCENT_COLOR_NAME = AccentColor;
				CODE_SIGN_STYLE = Automatic;
				CURRENT_PROJECT_VERSION = 1;
				DEVELOPMENT_ASSET_PATHS = "\"LFGHO/Preview Content\"";
				DEVELOPMENT_TEAM = 288ZUH88HD;
				ENABLE_PREVIEWS = YES;
				GENERATE_INFOPLIST_FILE = YES;
				INFOPLIST_KEY_UIApplicationSceneManifest_Generation = YES;
				INFOPLIST_KEY_UIApplicationSupportsIndirectInputEvents = YES;
				INFOPLIST_KEY_UILaunchScreen_Generation = YES;
				INFOPLIST_KEY_UISupportedInterfaceOrientations_iPad = "UIInterfaceOrientationPortrait UIInterfaceOrientationPortraitUpsideDown UIInterfaceOrientationLandscapeLeft UIInterfaceOrientationLandscapeRight";
				INFOPLIST_KEY_UISupportedInterfaceOrientations_iPhone = "UIInterfaceOrientationPortrait UIInterfaceOrientationLandscapeLeft UIInterfaceOrientationLandscapeRight";
				LD_RUNPATH_SEARCH_PATHS = (
					"$(inherited)",
					"@executable_path/Frameworks",
				);
				MARKETING_VERSION = 1.0;
				PRODUCT_BUNDLE_IDENTIFIER = artemiymalyshau.LFGHO;
				PRODUCT_NAME = "$(TARGET_NAME)";
				SWIFT_EMIT_LOC_STRINGS = YES;
				SWIFT_VERSION = 5.0;
				TARGETED_DEVICE_FAMILY = "1,2";
			};
			name = Release;
		};
/* End XCBuildConfiguration section */

/* Begin XCConfigurationList section */
		DAC103AC2B5AC6FC00CE4674 /* Build configuration list for PBXProject "LFGHO" */ = {
			isa = XCConfigurationList;
			buildConfigurations = (
				DAC103BD2B5AC6FD00CE4674 /* Debug */,
				DAC103BE2B5AC6FD00CE4674 /* Release */,
			);
			defaultConfigurationIsVisible = 0;
			defaultConfigurationName = Release;
		};
		DAC103BF2B5AC6FD00CE4674 /* Build configuration list for PBXNativeTarget "LFGHO" */ = {
			isa = XCConfigurationList;
			buildConfigurations = (
				DAC103C02B5AC6FD00CE4674 /* Debug */,
				DAC103C12B5AC6FD00CE4674 /* Release */,
			);
			defaultConfigurationIsVisible = 0;
			defaultConfigurationName = Release;
		};
/* End XCConfigurationList section */

/* Begin XCRemoteSwiftPackageReference section */
		DA37FA652B5AD57A00AB6541 /* XCRemoteSwiftPackageReference "metamask-ios-sdk" */ = {
			isa = XCRemoteSwiftPackageReference;
			repositoryURL = "https://github.com/MetaMask/metamask-ios-sdk";
			requirement = {
				kind = upToNextMajorVersion;
				minimumVersion = 0.5.0;
			};
		};
/* End XCRemoteSwiftPackageReference section */
	};
	rootObject = DAC103A92B5AC6FC00CE4674 /* Project object */;
}
